
Microsoft Visual Studio Solution File, Format Version 12.00
# Visual Studio 15
VisualStudioVersion = 15.0.26730.10
MinimumVisualStudioVersion = 10.0.40219.1
Project("{8BC9CEB8-8B4A-11D0-8D11-00A0C91BC942}") = "roboCon", "roboCon\roboCon.vcxproj", "{650333BE-77AA-4096-861D-90381CF07219}"
EndProject
Global
	GlobalSection(SolutionConfigurationPlatforms) = preSolution
		Debug|x64 = Debug|x64
		Debug|x86 = Debug|x86
		Release|x64 = Release|x64
		Release|x86 = Release|x86
	EndGlobalSection
	GlobalSection(ProjectConfigurationPlatforms) = postSolution
		{650333BE-77AA-4096-861D-90381CF07219}.Debug|x64.ActiveCfg = Debug|x64
		{650333BE-77AA-4096-861D-90381CF07219}.Debug|x64.Build.0 = Debug|x64
		{650333BE-77AA-4096-861D-90381CF07219}.Debug|x86.ActiveCfg = Debug|Win32
		{650333BE-77AA-4096-861D-90381CF07219}.Debug|x86.Build.0 = Debug|Win32
		{650333BE-77AA-4096-861D-90381CF07219}.Release|x64.ActiveCfg = Release|x64
		{650333BE-77AA-4096-861D-90381CF07219}.Release|x64.Build.0 = Release|x64
		{650333BE-77AA-4096-861D-90381CF07219}.Release|x86.ActiveCfg = Release|Win32
		{650333BE-77AA-4096-861D-90381CF07219}.Release|x86.Build.0 = Release|Win32
	EndGlobalSection
	GlobalSection(SolutionProperties) = preSolution
		HideSolutionNode = FALSE
	EndGlobalSection
	GlobalSection(ExtensibilityGlobals) = postSolution
		SolutionGuid = {6F7B2923-B142-4FC8-BCAE-2FDFA0C1A364}
	EndGlobalSection
EndGlobal
